
Microsoft Visual Studio Solution File, Format Version 12.00
# Visual Studio 15
VisualStudioVersion = 15.0.27703.2042
MinimumVisualStudioVersion = 10.0.40219.1
Project("{FAE04EC0-301F-11D3-BF4B-00C04F79EFBC}") = "Datainfo.Android", "Datainfo\Datainfo.Android\Datainfo.Android.csproj", "{6F10150B-819A-4157-8349-3F2F09A21994}"
EndProject
Project("{FAE04EC0-301F-11D3-BF4B-00C04F79EFBC}") = "Datainfo.iOS", "Datainfo\Datainfo.iOS\Datainfo.iOS.csproj", "{FC4DB3C8-E85F-47E9-82F7-7ECF6DBBFCDA}"
EndProject
Project("{FAE04EC0-301F-11D3-BF4B-00C04F79EFBC}") = "Datainfo.UWP", "Datainfo\Datainfo.UWP\Datainfo.UWP.csproj", "{EA80BFA2-ACF2-4BD9-9997-BA843F1D5C41}"
EndProject
Project("{FAE04EC0-301F-11D3-BF4B-00C04F79EFBC}") = "Datainfo", "Datainfo\Datainfo\Datainfo.csproj", "{AAF515B0-4104-49E8-8F0F-43A8508A0C49}"
EndProject
Global
	GlobalSection(SolutionConfigurationPlatforms) = preSolution
		Ad-Hoc|Any CPU = Ad-Hoc|Any CPU
		Ad-Hoc|ARM = Ad-Hoc|ARM
		Ad-Hoc|iPhone = Ad-Hoc|iPhone
		Ad-Hoc|iPhoneSimulator = Ad-Hoc|iPhoneSimulator
		Ad-Hoc|x64 = Ad-Hoc|x64
		Ad-Hoc|x86 = Ad-Hoc|x86
		AppStore|Any CPU = AppStore|Any CPU
		AppStore|ARM = AppStore|ARM
		AppStore|iPhone = AppStore|iPhone
		AppStore|iPhoneSimulator = AppStore|iPhoneSimulator
		AppStore|x64 = AppStore|x64
		AppStore|x86 = AppStore|x86
		Debug|Any CPU = Debug|Any CPU
		Debug|ARM = Debug|ARM
		Debug|iPhone = Debug|iPhone
		Debug|iPhoneSimulator = Debug|iPhoneSimulator
		Debug|x64 = Debug|x64
		Debug|x86 = Debug|x86
		Release|Any CPU = Release|Any CPU
		Release|ARM = Release|ARM
		Release|iPhone = Release|iPhone
		Release|iPhoneSimulator = Release|iPhoneSimulator
		Release|x64 = Release|x64
		Release|x86 = Release|x86
	EndGlobalSection
	GlobalSection(ProjectConfigurationPlatforms) = postSolution
		{6F10150B-819A-4157-8349-3F2F09A21994}.Ad-Hoc|Any CPU.ActiveCfg = Release|Any CPU
		{6F10150B-819A-4157-8349-3F2F09A21994}.Ad-Hoc|Any CPU.Build.0 = Release|Any CPU
		{6F10150B-819A-4157-8349-3F2F09A21994}.Ad-Hoc|Any CPU.Deploy.0 = Release|Any CPU
		{6F10150B-819A-4157-8349-3F2F09A21994}.Ad-Hoc|ARM.ActiveCfg = Release|Any CPU
		{6F10150B-819A-4157-8349-3F2F09A21994}.Ad-Hoc|ARM.Build.0 = Release|Any CPU
		{6F10150B-819A-4157-8349-3F2F09A21994}.Ad-Hoc|ARM.Deploy.0 = Release|Any CPU
		{6F10150B-819A-4157-8349-3F2F09A21994}.Ad-Hoc|iPhone.ActiveCfg = Release|Any CPU
		{6F10150B-819A-4157-8349-3F2F09A21994}.Ad-Hoc|iPhone.Build.0 = Release|Any CPU
		{6F10150B-819A-4157-8349-3F2F09A21994}.Ad-Hoc|iPhone.Deploy.0 = Release|Any CPU
		{6F10150B-819A-4157-8349-3F2F09A21994}.Ad-Hoc|iPhoneSimulator.ActiveCfg = Release|Any CPU
		{6F10150B-819A-4157-8349-3F2F09A21994}.Ad-Hoc|iPhoneSimulator.Build.0 = Release|Any CPU
		{6F10150B-819A-4157-8349-3F2F09A21994}.Ad-Hoc|iPhoneSimulator.Deploy.0 = Release|Any CPU
		{6F10150B-819A-4157-8349-3F2F09A21994}.Ad-Hoc|x64.ActiveCfg = Release|Any CPU
		{6F10150B-819A-4157-8349-3F2F09A21994}.Ad-Hoc|x64.Build.0 = Release|Any CPU
		{6F10150B-819A-4157-8349-3F2F09A21994}.Ad-Hoc|x64.Deploy.0 = Release|Any CPU
		{6F10150B-819A-4157-8349-3F2F09A21994}.Ad-Hoc|x86.ActiveCfg = Release|Any CPU
		{6F10150B-819A-4157-8349-3F2F09A21994}.Ad-Hoc|x86.Build.0 = Release|Any CPU
		{6F10150B-819A-4157-8349-3F2F09A21994}.Ad-Hoc|x86.Deploy.0 = Release|Any CPU
		{6F10150B-819A-4157-8349-3F2F09A21994}.AppStore|Any CPU.ActiveCfg = Release|Any CPU
		{6F10150B-819A-4157-8349-3F2F09A21994}.AppStore|Any CPU.Build.0 = Release|Any CPU
		{6F10150B-819A-4157-8349-3F2F09A21994}.AppStore|Any CPU.Deploy.0 = Release|Any CPU
		{6F10150B-819A-4157-8349-3F2F09A21994}.AppStore|ARM.ActiveCfg = Release|Any CPU
		{6F10150B-819A-4157-8349-3F2F09A21994}.AppStore|ARM.Build.0 = Release|Any CPU
		{6F10150B-819A-4157-8349-3F2F09A21994}.AppStore|ARM.Deploy.0 = Release|Any CPU
		{6F10150B-819A-4157-8349-3F2F09A21994}.AppStore|iPhone.ActiveCfg = Release|Any CPU
		{6F10150B-819A-4157-8349-3F2F09A21994}.AppStore|iPhone.Build.0 = Release|Any CPU
		{6F10150B-819A-4157-8349-3F2F09A21994}.AppStore|iPhone.Deploy.0 = Release|Any CPU
		{6F10150B-819A-4157-8349-3F2F09A21994}.AppStore|iPhoneSimulator.ActiveCfg = Release|Any CPU
		{6F10150B-819A-4157-8349-3F2F09A21994}.AppStore|iPhoneSimulator.Build.0 = Release|Any CPU
		{6F10150B-819A-4157-8349-3F2F09A21994}.AppStore|iPhoneSimulator.Deploy.0 = Release|Any CPU
		{6F10150B-819A-4157-8349-3F2F09A21994}.AppStore|x64.ActiveCfg = Release|Any CPU
		{6F10150B-819A-4157-8349-3F2F09A21994}.AppStore|x64.Build.0 = Release|Any CPU
		{6F10150B-819A-4157-8349-3F2F09A21994}.AppStore|x64.Deploy.0 = Release|Any CPU
		{6F10150B-819A-4157-8349-3F2F09A21994}.AppStore|x86.ActiveCfg = Release|Any CPU
		{6F10150B-819A-4157-8349-3F2F09A21994}.AppStore|x86.Build.0 = Release|Any CPU
		{6F10150B-819A-4157-8349-3F2F09A21994}.AppStore|x86.Deploy.0 = Release|Any CPU
		{6F10150B-819A-4157-8349-3F2F09A21994}.Debug|Any CPU.ActiveCfg = Debug|Any CPU
		{6F10150B-819A-4157-8349-3F2F09A21994}.Debug|Any CPU.Build.0 = Debug|Any CPU
		{6F10150B-819A-4157-8349-3F2F09A21994}.Debug|Any CPU.Deploy.0 = Debug|Any CPU
		{6F10150B-819A-4157-8349-3F2F09A21994}.Debug|ARM.ActiveCfg = Debug|Any CPU
		{6F10150B-819A-4157-8349-3F2F09A21994}.Debug|ARM.Build.0 = Debug|Any CPU
		{6F10150B-819A-4157-8349-3F2F09A21994}.Debug|ARM.Deploy.0 = Debug|Any CPU
		{6F10150B-819A-4157-8349-3F2F09A21994}.Debug|iPhone.ActiveCfg = Debug|Any CPU
		{6F10150B-819A-4157-8349-3F2F09A21994}.Debug|iPhone.Build.0 = Debug|Any CPU
		{6F10150B-819A-4157-8349-3F2F09A21994}.Debug|iPhone.Deploy.0 = Debug|Any CPU
		{6F10150B-819A-4157-8349-3F2F09A21994}.Debug|iPhoneSimulator.ActiveCfg = Debug|Any CPU
		{6F10150B-819A-4157-8349-3F2F09A21994}.Debug|iPhoneSimulator.Build.0 = Debug|Any CPU
		{6F10150B-819A-4157-8349-3F2F09A21994}.Debug|iPhoneSimulator.Deploy.0 = Debug|Any CPU
		{6F10150B-819A-4157-8349-3F2F09A21994}.Debug|x64.ActiveCfg = Debug|Any CPU
		{6F10150B-819A-4157-8349-3F2F09A21994}.Debug|x64.Build.0 = Debug|Any CPU
		{6F10150B-819A-4157-8349-3F2F09A21994}.Debug|x64.Deploy.0 = Debug|Any CPU
		{6F10150B-819A-4157-8349-3F2F09A21994}.Debug|x86.ActiveCfg = Debug|Any CPU
		{6F10150B-819A-4157-8349-3F2F09A21994}.Debug|x86.Build.0 = Debug|Any CPU
		{6F10150B-819A-4157-8349-3F2F09A21994}.Debug|x86.Deploy.0 = Debug|Any CPU
		{6F10150B-819A-4157-8349-3F2F09A21994}.Release|Any CPU.ActiveCfg = Release|Any CPU
		{6F10150B-819A-4157-8349-3F2F09A21994}.Release|Any CPU.Build.0 = Release|Any CPU
		{6F10150B-819A-4157-8349-3F2F09A21994}.Release|Any CPU.Deploy.0 = Release|Any CPU
		{6F10150B-819A-4157-8349-3F2F09A21994}.Release|ARM.ActiveCfg = Release|Any CPU
		{6F10150B-819A-4157-8349-3F2F09A21994}.Release|ARM.Build.0 = Release|Any CPU
		{6F10150B-819A-4157-8349-3F2F09A21994}.Release|ARM.Deploy.0 = Release|Any CPU
		{6F10150B-819A-4157-8349-3F2F09A21994}.Release|iPhone.ActiveCfg = Release|Any CPU
		{6F10150B-819A-4157-8349-3F2F09A21994}.Release|iPhone.Build.0 = Release|Any CPU
		{6F10150B-819A-4157-8349-3F2F09A21994}.Release|iPhone.Deploy.0 = Release|Any CPU
		{6F10150B-819A-4157-8349-3F2F09A21994}.Release|iPhoneSimulator.ActiveCfg = Release|Any CPU
		{6F10150B-819A-4157-8349-3F2F09A21994}.Release|iPhoneSimulator.Build.0 = Release|Any CPU
		{6F10150B-819A-4157-8349-3F2F09A21994}.Release|iPhoneSimulator.Deploy.0 = Release|Any CPU
		{6F10150B-819A-4157-8349-3F2F09A21994}.Release|x64.ActiveCfg = Release|Any CPU
		{6F10150B-819A-4157-8349-3F2F09A21994}.Release|x64.Build.0 = Release|Any CPU
		{6F10150B-819A-4157-8349-3F2F09A21994}.Release|x64.Deploy.0 = Release|Any CPU
		{6F10150B-819A-4157-8349-3F2F09A21994}.Release|x86.ActiveCfg = Release|Any CPU
		{6F10150B-819A-4157-8349-3F2F09A21994}.Release|x86.Build.0 = Release|Any CPU
		{6F10150B-819A-4157-8349-3F2F09A21994}.Release|x86.Deploy.0 = Release|Any CPU
		{FC4DB3C8-E85F-47E9-82F7-7ECF6DBBFCDA}.Ad-Hoc|Any CPU.ActiveCfg = Ad-Hoc|iPhone
		{FC4DB3C8-E85F-47E9-82F7-7ECF6DBBFCDA}.Ad-Hoc|Any CPU.Build.0 = Ad-Hoc|iPhone
		{FC4DB3C8-E85F-47E9-82F7-7ECF6DBBFCDA}.Ad-Hoc|Any CPU.Deploy.0 = Ad-Hoc|iPhone
		{FC4DB3C8-E85F-47E9-82F7-7ECF6DBBFCDA}.Ad-Hoc|ARM.ActiveCfg = Ad-Hoc|iPhone
		{FC4DB3C8-E85F-47E9-82F7-7ECF6DBBFCDA}.Ad-Hoc|ARM.Build.0 = Ad-Hoc|iPhone
		{FC4DB3C8-E85F-47E9-82F7-7ECF6DBBFCDA}.Ad-Hoc|ARM.Deploy.0 = Ad-Hoc|iPhone
		{FC4DB3C8-E85F-47E9-82F7-7ECF6DBBFCDA}.Ad-Hoc|iPhone.ActiveCfg = Ad-Hoc|iPhone
		{FC4DB3C8-E85F-47E9-82F7-7ECF6DBBFCDA}.Ad-Hoc|iPhone.Build.0 = Ad-Hoc|iPhone
		{FC4DB3C8-E85F-47E9-82F7-7ECF6DBBFCDA}.Ad-Hoc|iPhone.Deploy.0 = Ad-Hoc|iPhone
		{FC4DB3C8-E85F-47E9-82F7-7ECF6DBBFCDA}.Ad-Hoc|iPhoneSimulator.ActiveCfg = Ad-Hoc|iPhoneSimulator
		{FC4DB3C8-E85F-47E9-82F7-7ECF6DBBFCDA}.Ad-Hoc|iPhoneSimulator.Build.0 = Ad-Hoc|iPhoneSimulator
		{FC4DB3C8-E85F-47E9-82F7-7ECF6DBBFCDA}.Ad-Hoc|iPhoneSimulator.Deploy.0 = Ad-Hoc|iPhoneSimulator
		{FC4DB3C8-E85F-47E9-82F7-7ECF6DBBFCDA}.Ad-Hoc|x64.ActiveCfg = Ad-Hoc|iPhone
		{FC4DB3C8-E85F-47E9-82F7-7ECF6DBBFCDA}.Ad-Hoc|x64.Build.0 = Ad-Hoc|iPhone
		{FC4DB3C8-E85F-47E9-82F7-7ECF6DBBFCDA}.Ad-Hoc|x64.Deploy.0 = Ad-Hoc|iPhone
		{FC4DB3C8-E85F-47E9-82F7-7ECF6DBBFCDA}.Ad-Hoc|x86.ActiveCfg = Ad-Hoc|iPhone
		{FC4DB3C8-E85F-47E9-82F7-7ECF6DBBFCDA}.Ad-Hoc|x86.Build.0 = Ad-Hoc|iPhone
		{FC4DB3C8-E85F-47E9-82F7-7ECF6DBBFCDA}.Ad-Hoc|x86.Deploy.0 = Ad-Hoc|iPhone
		{FC4DB3C8-E85F-47E9-82F7-7ECF6DBBFCDA}.AppStore|Any CPU.ActiveCfg = AppStore|iPhone
		{FC4DB3C8-E85F-47E9-82F7-7ECF6DBBFCDA}.AppStore|Any CPU.Build.0 = AppStore|iPhone
		{FC4DB3C8-E85F-47E9-82F7-7ECF6DBBFCDA}.AppStore|Any CPU.Deploy.0 = AppStore|iPhone
		{FC4DB3C8-E85F-47E9-82F7-7ECF6DBBFCDA}.AppStore|ARM.ActiveCfg = AppStore|iPhone
		{FC4DB3C8-E85F-47E9-82F7-7ECF6DBBFCDA}.AppStore|ARM.Build.0 = AppStore|iPhone
		{FC4DB3C8-E85F-47E9-82F7-7ECF6DBBFCDA}.AppStore|ARM.Deploy.0 = AppStore|iPhone
		{FC4DB3C8-E85F-47E9-82F7-7ECF6DBBFCDA}.AppStore|iPhone.ActiveCfg = AppStore|iPhone
		{FC4DB3C8-E85F-47E9-82F7-7ECF6DBBFCDA}.AppStore|iPhone.Build.0 = AppStore|iPhone
		{FC4DB3C8-E85F-47E9-82F7-7ECF6DBBFCDA}.AppStore|iPhone.Deploy.0 = AppStore|iPhone
		{FC4DB3C8-E85F-47E9-82F7-7ECF6DBBFCDA}.AppStore|iPhoneSimulator.ActiveCfg = AppStore|iPhoneSimulator
		{FC4DB3C8-E85F-47E9-82F7-7ECF6DBBFCDA}.AppStore|iPhoneSimulator.Build.0 = AppStore|iPhoneSimulator
		{FC4DB3C8-E85F-47E9-82F7-7ECF6DBBFCDA}.AppStore|iPhoneSimulator.Deploy.0 = AppStore|iPhoneSimulator
		{FC4DB3C8-E85F-47E9-82F7-7ECF6DBBFCDA}.AppStore|x64.ActiveCfg = AppStore|iPhone
		{FC4DB3C8-E85F-47E9-82F7-7ECF6DBBFCDA}.AppStore|x64.Build.0 = AppStore|iPhone
		{FC4DB3C8-E85F-47E9-82F7-7ECF6DBBFCDA}.AppStore|x64.Deploy.0 = AppStore|iPhone
		{FC4DB3C8-E85F-47E9-82F7-7ECF6DBBFCDA}.AppStore|x86.ActiveCfg = AppStore|iPhone
		{FC4DB3C8-E85F-47E9-82F7-7ECF6DBBFCDA}.AppStore|x86.Build.0 = AppStore|iPhone
		{FC4DB3C8-E85F-47E9-82F7-7ECF6DBBFCDA}.AppStore|x86.Deploy.0 = AppStore|iPhone
		{FC4DB3C8-E85F-47E9-82F7-7ECF6DBBFCDA}.Debug|Any CPU.ActiveCfg = Debug|iPhoneSimulator
		{FC4DB3C8-E85F-47E9-82F7-7ECF6DBBFCDA}.Debug|Any CPU.Build.0 = Debug|iPhoneSimulator
		{FC4DB3C8-E85F-47E9-82F7-7ECF6DBBFCDA}.Debug|Any CPU.Deploy.0 = Debug|iPhoneSimulator
		{FC4DB3C8-E85F-47E9-82F7-7ECF6DBBFCDA}.Debug|ARM.ActiveCfg = Debug|iPhone
		{FC4DB3C8-E85F-47E9-82F7-7ECF6DBBFCDA}.Debug|ARM.Build.0 = Debug|iPhone
		{FC4DB3C8-E85F-47E9-82F7-7ECF6DBBFCDA}.Debug|ARM.Deploy.0 = Debug|iPhone
		{FC4DB3C8-E85F-47E9-82F7-7ECF6DBBFCDA}.Debug|iPhone.ActiveCfg = Debug|iPhone
		{FC4DB3C8-E85F-47E9-82F7-7ECF6DBBFCDA}.Debug|iPhone.Build.0 = Debug|iPhone
		{FC4DB3C8-E85F-47E9-82F7-7ECF6DBBFCDA}.Debug|iPhone.Deploy.0 = Debug|iPhone
		{FC4DB3C8-E85F-47E9-82F7-7ECF6DBBFCDA}.Debug|iPhoneSimulator.ActiveCfg = Debug|iPhoneSimulator
		{FC4DB3C8-E85F-47E9-82F7-7ECF6DBBFCDA}.Debug|iPhoneSimulator.Build.0 = Debug|iPhoneSimulator
		{FC4DB3C8-E85F-47E9-82F7-7ECF6DBBFCDA}.Debug|iPhoneSimulator.Deploy.0 = Debug|iPhoneSimulator
		{FC4DB3C8-E85F-47E9-82F7-7ECF6DBBFCDA}.Debug|x64.ActiveCfg = Debug|iPhone
		{FC4DB3C8-E85F-47E9-82F7-7ECF6DBBFCDA}.Debug|x64.Build.0 = Debug|iPhone
		{FC4DB3C8-E85F-47E9-82F7-7ECF6DBBFCDA}.Debug|x64.Deploy.0 = Debug|iPhone
		{FC4DB3C8-E85F-47E9-82F7-7ECF6DBBFCDA}.Debug|x86.ActiveCfg = Debug|iPhone
		{FC4DB3C8-E85F-47E9-82F7-7ECF6DBBFCDA}.Debug|x86.Build.0 = Debug|iPhone
		{FC4DB3C8-E85F-47E9-82F7-7ECF6DBBFCDA}.Debug|x86.Deploy.0 = Debug|iPhone
		{FC4DB3C8-E85F-47E9-82F7-7ECF6DBBFCDA}.Release|Any CPU.ActiveCfg = Release|iPhone
		{FC4DB3C8-E85F-47E9-82F7-7ECF6DBBFCDA}.Release|Any CPU.Build.0 = Release|iPhone
		{FC4DB3C8-E85F-47E9-82F7-7ECF6DBBFCDA}.Release|Any CPU.Deploy.0 = Release|iPhone
		{FC4DB3C8-E85F-47E9-82F7-7ECF6DBBFCDA}.Release|ARM.ActiveCfg = Release|iPhone
		{FC4DB3C8-E85F-47E9-82F7-7ECF6DBBFCDA}.Release|ARM.Build.0 = Release|iPhone
		{FC4DB3C8-E85F-47E9-82F7-7ECF6DBBFCDA}.Release|ARM.Deploy.0 = Release|iPhone
		{FC4DB3C8-E85F-47E9-82F7-7ECF6DBBFCDA}.Release|iPhone.ActiveCfg = Release|iPhone
		{FC4DB3C8-E85F-47E9-82F7-7ECF6DBBFCDA}.Release|iPhone.Build.0 = Release|iPhone
		{FC4DB3C8-E85F-47E9-82F7-7ECF6DBBFCDA}.Release|iPhone.Deploy.0 = Release|iPhone
		{FC4DB3C8-E85F-47E9-82F7-7ECF6DBBFCDA}.Release|iPhoneSimulator.ActiveCfg = Release|iPhoneSimulator
		{FC4DB3C8-E85F-47E9-82F7-7ECF6DBBFCDA}.Release|iPhoneSimulator.Build.0 = Release|iPhoneSimulator
		{FC4DB3C8-E85F-47E9-82F7-7ECF6DBBFCDA}.Release|iPhoneSimulator.Deploy.0 = Release|iPhoneSimulator
		{FC4DB3C8-E85F-47E9-82F7-7ECF6DBBFCDA}.Release|x64.ActiveCfg = Release|iPhone
		{FC4DB3C8-E85F-47E9-82F7-7ECF6DBBFCDA}.Release|x64.Build.0 = Release|iPhone
		{FC4DB3C8-E85F-47E9-82F7-7ECF6DBBFCDA}.Release|x64.Deploy.0 = Release|iPhone
		{FC4DB3C8-E85F-47E9-82F7-7ECF6DBBFCDA}.Release|x86.ActiveCfg = Release|iPhone
		{FC4DB3C8-E85F-47E9-82F7-7ECF6DBBFCDA}.Release|x86.Build.0 = Release|iPhone
		{FC4DB3C8-E85F-47E9-82F7-7ECF6DBBFCDA}.Release|x86.Deploy.0 = Release|iPhone
		{EA80BFA2-ACF2-4BD9-9997-BA843F1D5C41}.Ad-Hoc|Any CPU.ActiveCfg = Release|x86
		{EA80BFA2-ACF2-4BD9-9997-BA843F1D5C41}.Ad-Hoc|Any CPU.Build.0 = Release|x86
		{EA80BFA2-ACF2-4BD9-9997-BA843F1D5C41}.Ad-Hoc|Any CPU.Deploy.0 = Release|x86
		{EA80BFA2-ACF2-4BD9-9997-BA843F1D5C41}.Ad-Hoc|ARM.ActiveCfg = Release|ARM
		{EA80BFA2-ACF2-4BD9-9997-BA843F1D5C41}.Ad-Hoc|ARM.Build.0 = Release|ARM
		{EA80BFA2-ACF2-4BD9-9997-BA843F1D5C41}.Ad-Hoc|ARM.Deploy.0 = Release|ARM
		{EA80BFA2-ACF2-4BD9-9997-BA843F1D5C41}.Ad-Hoc|iPhone.ActiveCfg = Release|x86
		{EA80BFA2-ACF2-4BD9-9997-BA843F1D5C41}.Ad-Hoc|iPhone.Build.0 = Release|x86
		{EA80BFA2-ACF2-4BD9-9997-BA843F1D5C41}.Ad-Hoc|iPhone.Deploy.0 = Release|x86
		{EA80BFA2-ACF2-4BD9-9997-BA843F1D5C41}.Ad-Hoc|iPhoneSimulator.ActiveCfg = Release|x86
		{EA80BFA2-ACF2-4BD9-9997-BA843F1D5C41}.Ad-Hoc|iPhoneSimulator.Build.0 = Release|x86
		{EA80BFA2-ACF2-4BD9-9997-BA843F1D5C41}.Ad-Hoc|iPhoneSimulator.Deploy.0 = Release|x86
		{EA80BFA2-ACF2-4BD9-9997-BA843F1D5C41}.Ad-Hoc|x64.ActiveCfg = Release|x64
		{EA80BFA2-ACF2-4BD9-9997-BA843F1D5C41}.Ad-Hoc|x64.Build.0 = Release|x64
		{EA80BFA2-ACF2-4BD9-9997-BA843F1D5C41}.Ad-Hoc|x64.Deploy.0 = Release|x64
		{EA80BFA2-ACF2-4BD9-9997-BA843F1D5C41}.Ad-Hoc|x86.ActiveCfg = Release|x86
		{EA80BFA2-ACF2-4BD9-9997-BA843F1D5C41}.Ad-Hoc|x86.Build.0 = Release|x86
		{EA80BFA2-ACF2-4BD9-9997-BA843F1D5C41}.Ad-Hoc|x86.Deploy.0 = Release|x86
		{EA80BFA2-ACF2-4BD9-9997-BA843F1D5C41}.AppStore|Any CPU.ActiveCfg = Release|x86
		{EA80BFA2-ACF2-4BD9-9997-BA843F1D5C41}.AppStore|Any CPU.Build.0 = Release|x86
		{EA80BFA2-ACF2-4BD9-9997-BA843F1D5C41}.AppStore|Any CPU.Deploy.0 = Release|x86
		{EA80BFA2-ACF2-4BD9-9997-BA843F1D5C41}.AppStore|ARM.ActiveCfg = Release|ARM
		{EA80BFA2-ACF2-4BD9-9997-BA843F1D5C41}.AppStore|ARM.Build.0 = Release|ARM
		{EA80BFA2-ACF2-4BD9-9997-BA843F1D5C41}.AppStore|ARM.Deploy.0 = Release|ARM
		{EA80BFA2-ACF2-4BD9-9997-BA843F1D5C41}.AppStore|iPhone.ActiveCfg = Release|x86
		{EA80BFA2-ACF2-4BD9-9997-BA843F1D5C41}.AppStore|iPhone.Build.0 = Release|x86
		{EA80BFA2-ACF2-4BD9-9997-BA843F1D5C41}.AppStore|iPhone.Deploy.0 = Release|x86
		{EA80BFA2-ACF2-4BD9-9997-BA843F1D5C41}.AppStore|iPhoneSimulator.ActiveCfg = Release|x86
		{EA80BFA2-ACF2-4BD9-9997-BA843F1D5C41}.AppStore|iPhoneSimulator.Build.0 = Release|x86
		{EA80BFA2-ACF2-4BD9-9997-BA843F1D5C41}.AppStore|iPhoneSimulator.Deploy.0 = Release|x86
		{EA80BFA2-ACF2-4BD9-9997-BA843F1D5C41}.AppStore|x64.ActiveCfg = Release|x64
		{EA80BFA2-ACF2-4BD9-9997-BA843F1D5C41}.AppStore|x64.Build.0 = Release|x64
		{EA80BFA2-ACF2-4BD9-9997-BA843F1D5C41}.AppStore|x64.Deploy.0 = Release|x64
		{EA80BFA2-ACF2-4BD9-9997-BA843F1D5C41}.AppStore|x86.ActiveCfg = Release|x86
		{EA80BFA2-ACF2-4BD9-9997-BA843F1D5C41}.AppStore|x86.Build.0 = Release|x86
		{EA80BFA2-ACF2-4BD9-9997-BA843F1D5C41}.AppStore|x86.Deploy.0 = Release|x86
		{EA80BFA2-ACF2-4BD9-9997-BA843F1D5C41}.Debug|Any CPU.ActiveCfg = Debug|x86
		{EA80BFA2-ACF2-4BD9-9997-BA843F1D5C41}.Debug|Any CPU.Build.0 = Debug|x86
		{EA80BFA2-ACF2-4BD9-9997-BA843F1D5C41}.Debug|Any CPU.Deploy.0 = Debug|x86
		{EA80BFA2-ACF2-4BD9-9997-BA843F1D5C41}.Debug|ARM.ActiveCfg = Debug|ARM
		{EA80BFA2-ACF2-4BD9-9997-BA843F1D5C41}.Debug|ARM.Build.0 = Debug|ARM
		{EA80BFA2-ACF2-4BD9-9997-BA843F1D5C41}.Debug|ARM.Deploy.0 = Debug|ARM
		{EA80BFA2-ACF2-4BD9-9997-BA843F1D5C41}.Debug|iPhone.ActiveCfg = Debug|x86
		{EA80BFA2-ACF2-4BD9-9997-BA843F1D5C41}.Debug|iPhone.Build.0 = Debug|x86
		{EA80BFA2-ACF2-4BD9-9997-BA843F1D5C41}.Debug|iPhone.Deploy.0 = Debug|x86
		{EA80BFA2-ACF2-4BD9-9997-BA843F1D5C41}.Debug|iPhoneSimulator.ActiveCfg = Debug|x86
		{EA80BFA2-ACF2-4BD9-9997-BA843F1D5C41}.Debug|iPhoneSimulator.Build.0 = Debug|x86
		{EA80BFA2-ACF2-4BD9-9997-BA843F1D5C41}.Debug|iPhoneSimulator.Deploy.0 = Debug|x86
		{EA80BFA2-ACF2-4BD9-9997-BA843F1D5C41}.Debug|x64.ActiveCfg = Debug|x64
		{EA80BFA2-ACF2-4BD9-9997-BA843F1D5C41}.Debug|x64.Build.0 = Debug|x64
		{EA80BFA2-ACF2-4BD9-9997-BA843F1D5C41}.Debug|x64.Deploy.0 = Debug|x64
		{EA80BFA2-ACF2-4BD9-9997-BA843F1D5C41}.Debug|x86.ActiveCfg = Debug|x86
		{EA80BFA2-ACF2-4BD9-9997-BA843F1D5C41}.Debug|x86.Build.0 = Debug|x86
		{EA80BFA2-ACF2-4BD9-9997-BA843F1D5C41}.Debug|x86.Deploy.0 = Debug|x86
		{EA80BFA2-ACF2-4BD9-9997-BA843F1D5C41}.Release|Any CPU.ActiveCfg = Release|x86
		{EA80BFA2-ACF2-4BD9-9997-BA843F1D5C41}.Release|Any CPU.Build.0 = Release|x86
		{EA80BFA2-ACF2-4BD9-9997-BA843F1D5C41}.Release|Any CPU.Deploy.0 = Release|x86
		{EA80BFA2-ACF2-4BD9-9997-BA843F1D5C41}.Release|ARM.ActiveCfg = Release|ARM
		{EA80BFA2-ACF2-4BD9-9997-BA843F1D5C41}.Release|ARM.Build.0 = Release|ARM
		{EA80BFA2-ACF2-4BD9-9997-BA843F1D5C41}.Release|ARM.Deploy.0 = Release|ARM
		{EA80BFA2-ACF2-4BD9-9997-BA843F1D5C41}.Release|iPhone.ActiveCfg = Release|x86
		{EA80BFA2-ACF2-4BD9-9997-BA843F1D5C41}.Release|iPhone.Build.0 = Release|x86
		{EA80BFA2-ACF2-4BD9-9997-BA843F1D5C41}.Release|iPhone.Deploy.0 = Release|x86
		{EA80BFA2-ACF2-4BD9-9997-BA843F1D5C41}.Release|iPhoneSimulator.ActiveCfg = Release|x86
		{EA80BFA2-ACF2-4BD9-9997-BA843F1D5C41}.Release|iPhoneSimulator.Build.0 = Release|x86
		{EA80BFA2-ACF2-4BD9-9997-BA843F1D5C41}.Release|iPhoneSimulator.Deploy.0 = Release|x86
		{EA80BFA2-ACF2-4BD9-9997-BA843F1D5C41}.Release|x64.ActiveCfg = Release|x64
		{EA80BFA2-ACF2-4BD9-9997-BA843F1D5C41}.Release|x64.Build.0 = Release|x64
		{EA80BFA2-ACF2-4BD9-9997-BA843F1D5C41}.Release|x64.Deploy.0 = Release|x64
		{EA80BFA2-ACF2-4BD9-9997-BA843F1D5C41}.Release|x86.ActiveCfg = Release|x86
		{EA80BFA2-ACF2-4BD9-9997-BA843F1D5C41}.Release|x86.Build.0 = Release|x86
		{EA80BFA2-ACF2-4BD9-9997-BA843F1D5C41}.Release|x86.Deploy.0 = Release|x86
		{AAF515B0-4104-49E8-8F0F-43A8508A0C49}.Ad-Hoc|Any CPU.ActiveCfg = Debug|Any CPU
		{AAF515B0-4104-49E8-8F0F-43A8508A0C49}.Ad-Hoc|Any CPU.Build.0 = Debug|Any CPU
		{AAF515B0-4104-49E8-8F0F-43A8508A0C49}.Ad-Hoc|Any CPU.Deploy.0 = Debug|Any CPU
		{AAF515B0-4104-49E8-8F0F-43A8508A0C49}.Ad-Hoc|ARM.ActiveCfg = Debug|Any CPU
		{AAF515B0-4104-49E8-8F0F-43A8508A0C49}.Ad-Hoc|ARM.Build.0 = Debug|Any CPU
		{AAF515B0-4104-49E8-8F0F-43A8508A0C49}.Ad-Hoc|ARM.Deploy.0 = Debug|Any CPU
		{AAF515B0-4104-49E8-8F0F-43A8508A0C49}.Ad-Hoc|iPhone.ActiveCfg = Debug|Any CPU
		{AAF515B0-4104-49E8-8F0F-43A8508A0C49}.Ad-Hoc|iPhone.Build.0 = Debug|Any CPU
		{AAF515B0-4104-49E8-8F0F-43A8508A0C49}.Ad-Hoc|iPhone.Deploy.0 = Debug|Any CPU
		{AAF515B0-4104-49E8-8F0F-43A8508A0C49}.Ad-Hoc|iPhoneSimulator.ActiveCfg = Debug|Any CPU
		{AAF515B0-4104-49E8-8F0F-43A8508A0C49}.Ad-Hoc|iPhoneSimulator.Build.0 = Debug|Any CPU
		{AAF515B0-4104-49E8-8F0F-43A8508A0C49}.Ad-Hoc|iPhoneSimulator.Deploy.0 = Debug|Any CPU
		{AAF515B0-4104-49E8-8F0F-43A8508A0C49}.Ad-Hoc|x64.ActiveCfg = Debug|Any CPU
		{AAF515B0-4104-49E8-8F0F-43A8508A0C49}.Ad-Hoc|x64.Build.0 = Debug|Any CPU
		{AAF515B0-4104-49E8-8F0F-43A8508A0C49}.Ad-Hoc|x64.Deploy.0 = Debug|Any CPU
		{AAF515B0-4104-49E8-8F0F-43A8508A0C49}.Ad-Hoc|x86.ActiveCfg = Debug|Any CPU
		{AAF515B0-4104-49E8-8F0F-43A8508A0C49}.Ad-Hoc|x86.Build.0 = Debug|Any CPU
		{AAF515B0-4104-49E8-8F0F-43A8508A0C49}.Ad-Hoc|x86.Deploy.0 = Debug|Any CPU
		{AAF515B0-4104-49E8-8F0F-43A8508A0C49}.AppStore|Any CPU.ActiveCfg = Debug|Any CPU
		{AAF515B0-4104-49E8-8F0F-43A8508A0C49}.AppStore|Any CPU.Build.0 = Debug|Any CPU
		{AAF515B0-4104-49E8-8F0F-43A8508A0C49}.AppStore|Any CPU.Deploy.0 = Debug|Any CPU
		{AAF515B0-4104-49E8-8F0F-43A8508A0C49}.AppStore|ARM.ActiveCfg = Debug|Any CPU
		{AAF515B0-4104-49E8-8F0F-43A8508A0C49}.AppStore|ARM.Build.0 = Debug|Any CPU
		{AAF515B0-4104-49E8-8F0F-43A8508A0C49}.AppStore|ARM.Deploy.0 = Debug|Any CPU
		{AAF515B0-4104-49E8-8F0F-43A8508A0C49}.AppStore|iPhone.ActiveCfg = Debug|Any CPU
		{AAF515B0-4104-49E8-8F0F-43A8508A0C49}.AppStore|iPhone.Build.0 = Debug|Any CPU
		{AAF515B0-4104-49E8-8F0F-43A8508A0C49}.AppStore|iPhone.Deploy.0 = Debug|Any CPU
		{AAF515B0-4104-49E8-8F0F-43A8508A0C49}.AppStore|iPhoneSimulator.ActiveCfg = Debug|Any CPU
		{AAF515B0-4104-49E8-8F0F-43A8508A0C49}.AppStore|iPhoneSimulator.Build.0 = Debug|Any CPU
		{AAF515B0-4104-49E8-8F0F-43A8508A0C49}.AppStore|iPhoneSimulator.Deploy.0 = Debug|Any CPU
		{AAF515B0-4104-49E8-8F0F-43A8508A0C49}.AppStore|x64.ActiveCfg = Debug|Any CPU
		{AAF515B0-4104-49E8-8F0F-43A8508A0C49}.AppStore|x64.Build.0 = Debug|Any CPU
		{AAF515B0-4104-49E8-8F0F-43A8508A0C49}.AppStore|x64.Deploy.0 = Debug|Any CPU
		{AAF515B0-4104-49E8-8F0F-43A8508A0C49}.AppStore|x86.ActiveCfg = Debug|Any CPU
		{AAF515B0-4104-49E8-8F0F-43A8508A0C49}.AppStore|x86.Build.0 = Debug|Any CPU
		{AAF515B0-4104-49E8-8F0F-43A8508A0C49}.AppStore|x86.Deploy.0 = Debug|Any CPU
		{AAF515B0-4104-49E8-8F0F-43A8508A0C49}.Debug|Any CPU.ActiveCfg = Debug|Any CPU
		{AAF515B0-4104-49E8-8F0F-43A8508A0C49}.Debug|Any CPU.Build.0 = Debug|Any CPU
		{AAF515B0-4104-49E8-8F0F-43A8508A0C49}.Debug|Any CPU.Deploy.0 = Debug|Any CPU
		{AAF515B0-4104-49E8-8F0F-43A8508A0C49}.Debug|ARM.ActiveCfg = Debug|Any CPU
		{AAF515B0-4104-49E8-8F0F-43A8508A0C49}.Debug|ARM.Build.0 = Debug|Any CPU
		{AAF515B0-4104-49E8-8F0F-43A8508A0C49}.Debug|ARM.Deploy.0 = Debug|Any CPU
		{AAF515B0-4104-49E8-8F0F-43A8508A0C49}.Debug|iPhone.ActiveCfg = Debug|Any CPU
		{AAF515B0-4104-49E8-8F0F-43A8508A0C49}.Debug|iPhone.Build.0 = Debug|Any CPU
		{AAF515B0-4104-49E8-8F0F-43A8508A0C49}.Debug|iPhone.Deploy.0 = Debug|Any CPU
		{AAF515B0-4104-49E8-8F0F-43A8508A0C49}.Debug|iPhoneSimulator.ActiveCfg = Debug|Any CPU
		{AAF515B0-4104-49E8-8F0F-43A8508A0C49}.Debug|iPhoneSimulator.Build.0 = Debug|Any CPU
		{AAF515B0-4104-49E8-8F0F-43A8508A0C49}.Debug|iPhoneSimulator.Deploy.0 = Debug|Any CPU
		{AAF515B0-4104-49E8-8F0F-43A8508A0C49}.Debug|x64.ActiveCfg = Debug|Any CPU
		{AAF515B0-4104-49E8-8F0F-43A8508A0C49}.Debug|x64.Build.0 = Debug|Any CPU
		{AAF515B0-4104-49E8-8F0F-43A8508A0C49}.Debug|x64.Deploy.0 = Debug|Any CPU
		{AAF515B0-4104-49E8-8F0F-43A8508A0C49}.Debug|x86.ActiveCfg = Debug|Any CPU
		{AAF515B0-4104-49E8-8F0F-43A8508A0C49}.Debug|x86.Build.0 = Debug|Any CPU
		{AAF515B0-4104-49E8-8F0F-43A8508A0C49}.Debug|x86.Deploy.0 = Debug|Any CPU
		{AAF515B0-4104-49E8-8F0F-43A8508A0C49}.Release|Any CPU.ActiveCfg = Release|Any CPU
		{AAF515B0-4104-49E8-8F0F-43A8508A0C49}.Release|Any CPU.Build.0 = Release|Any CPU
		{AAF515B0-4104-49E8-8F0F-43A8508A0C49}.Release|Any CPU.Deploy.0 = Release|Any CPU
		{AAF515B0-4104-49E8-8F0F-43A8508A0C49}.Release|ARM.ActiveCfg = Release|Any CPU
		{AAF515B0-4104-49E8-8F0F-43A8508A0C49}.Release|ARM.Build.0 = Release|Any CPU
		{AAF515B0-4104-49E8-8F0F-43A8508A0C49}.Release|ARM.Deploy.0 = Release|Any CPU
		{AAF515B0-4104-49E8-8F0F-43A8508A0C49}.Release|iPhone.ActiveCfg = Release|Any CPU
		{AAF515B0-4104-49E8-8F0F-43A8508A0C49}.Release|iPhone.Build.0 = Release|Any CPU
		{AAF515B0-4104-49E8-8F0F-43A8508A0C49}.Release|iPhone.Deploy.0 = Release|Any CPU
		{AAF515B0-4104-49E8-8F0F-43A8508A0C49}.Release|iPhoneSimulator.ActiveCfg = Release|Any CPU
		{AAF515B0-4104-49E8-8F0F-43A8508A0C49}.Release|iPhoneSimulator.Build.0 = Release|Any CPU
		{AAF515B0-4104-49E8-8F0F-43A8508A0C49}.Release|iPhoneSimulator.Deploy.0 = Release|Any CPU
		{AAF515B0-4104-49E8-8F0F-43A8508A0C49}.Release|x64.ActiveCfg = Release|Any CPU
		{AAF515B0-4104-49E8-8F0F-43A8508A0C49}.Release|x64.Build.0 = Release|Any CPU
		{AAF515B0-4104-49E8-8F0F-43A8508A0C49}.Release|x64.Deploy.0 = Release|Any CPU
		{AAF515B0-4104-49E8-8F0F-43A8508A0C49}.Release|x86.ActiveCfg = Release|Any CPU
		{AAF515B0-4104-49E8-8F0F-43A8508A0C49}.Release|x86.Build.0 = Release|Any CPU
		{AAF515B0-4104-49E8-8F0F-43A8508A0C49}.Release|x86.Deploy.0 = Release|Any CPU
	EndGlobalSection
	GlobalSection(SolutionProperties) = preSolution
		HideSolutionNode = FALSE
	EndGlobalSection
	GlobalSection(ExtensibilityGlobals) = postSolution
		SolutionGuid = {154E4579-585F-4600-8164-1FF674BDFB1B}
	EndGlobalSection
EndGlobal
